// !$*UTF8*$!
{
	archiveVersion = 1;
	classes = {
	};
	objectVersion = 46;
	objects = {

/* Begin PBXBuildFile section */
		12D440AEB7A9587A8D4B4E97 /* activities_unlock@2x.png in Resources */ = {isa = PBXBuildFile; fileRef = 12D440C74587FF3F5C093936 /* activities_unlock@2x.png */; };
		12D440CFC81404C11543DA5C /* ReplyViewInCell.m in Sources */ = {isa = PBXBuildFile; fileRef = 12D44FB7EFC9EABA2978D315 /* ReplyViewInCell.m */; };
		12D44135ABA14A6FD2A2A1A5 /* MessageItemsConverter.m in Sources */ = {isa = PBXBuildFile; fileRef = 12D4443F445FC0E865AFAF0A /* MessageItemsConverter.m */; };
		12D441E610E1B83E5A1E3F5A /* Assets.xcassets in Resources */ = {isa = PBXBuildFile; fileRef = 12D44EBC85FC15DBC34C87A1 /* Assets.xcassets */; };
		12D4430CE4F81C94DA53178F /* BaseMessageCell.m in Sources */ = {isa = PBXBuildFile; fileRef = 12D44A22872532F7EB1F4EFC /* BaseMessageCell.m */; };
		12D4446D0F1A87A71327BD77 /* ContentMessageCell.m in Sources */ = {isa = PBXBuildFile; fileRef = 12D44744B054972386AF0BEB /* ContentMessageCell.m */; };
		12D44554A0288E5E6043E81C /* EventMessageCell.m in Sources */ = {isa = PBXBuildFile; fileRef = 12D44245E43C04C004E4D0B0 /* EventMessageCell.m */; };
		12D445F06BE463B6391E9A0C /* activities_reply@2x.png in Resources */ = {isa = PBXBuildFile; fileRef = 12D442A96E85D07E5AC75440 /* activities_reply@2x.png */; };
		12D446B05DB9499131C0F816 /* SPLMDateTimeFormatterHelper.m in Sources */ = {isa = PBXBuildFile; fileRef = 12D443CF1DFA02B071CB1C42 /* SPLMDateTimeFormatterHelper.m */; };
		12D446D4EF80A789A6092D56 /* EventMessageItem.m in Sources */ = {isa = PBXBuildFile; fileRef = 12D44DFE8186A6179BB00822 /* EventMessageItem.m */; };
		12D446FB9721EB2DEF205914 /* GRVUserModel.m in Sources */ = {isa = PBXBuildFile; fileRef = 12D44A8708A51A14EB4C4A37 /* GRVUserModel.m */; };
		12D448721F7CA6AC01A54430 /* bubble_hooked_incoming@2x.png in Resources */ = {isa = PBXBuildFile; fileRef = 12D442F0261DFCD96AB1AEA4 /* bubble_hooked_incoming@2x.png */; };
		12D4497783D32AD11BBFF4D1 /* ContentMessageItem.m in Sources */ = {isa = PBXBuildFile; fileRef = 12D4475AEEA3A81843D97BCB /* ContentMessageItem.m */; };
		12D44A51DC3FF08FB423B1EE /* ViewController.m in Sources */ = {isa = PBXBuildFile; fileRef = 12D447C766322B136235134E /* ViewController.m */; };
		12D44A9FBEA3BE09D7FDFC98 /* GRVObjectBuildManager.m in Sources */ = {isa = PBXBuildFile; fileRef = 12D44D42AFEF9F88F4B324C2 /* GRVObjectBuildManager.m */; };
		12D44AC60C21D2158B8C0CD2 /* activities_unban@2x.png in Resources */ = {isa = PBXBuildFile; fileRef = 12D4429C8EE1454D8730F38E /* activities_unban@2x.png */; };
		12D44AC6E3B3631D4601ED7F /* MessagesProvider.m in Sources */ = {isa = PBXBuildFile; fileRef = 12D44E2808A2C887B4027C65 /* MessagesProvider.m */; };
		12D44B39D0C0954824073A61 /* KOChatEntryElement.m in Sources */ = {isa = PBXBuildFile; fileRef = 12D449CEF174B3E309A978E4 /* KOChatEntryElement.m */; };
		12D44C092327C411F9BB0777 /* BaseMessageItem.m in Sources */ = {isa = PBXBuildFile; fileRef = 12D447A3EEB6CF89AC7BB910 /* BaseMessageItem.m */; };
		12D44C09CD34823FA2883384 /* NSDate-Utilities.m in Sources */ = {isa = PBXBuildFile; fileRef = 12D44A239DA3EBFAEE0C8E0E /* NSDate-Utilities.m */; };
		12D44C2011BEAE53479EB609 /* NSString+Grouvi.m in Sources */ = {isa = PBXBuildFile; fileRef = 12D44C31241CAAEE5C1E4354 /* NSString+Grouvi.m */; };
		12D44C23C568E02303624CA0 /* GRVEventMessageModel.m in Sources */ = {isa = PBXBuildFile; fileRef = 12D44E581870AE5B8A1AC571 /* GRVEventMessageModel.m */; };
		12D44C4A589B1E6E02CF74FB /* GRVBanModel.m in Sources */ = {isa = PBXBuildFile; fileRef = 12D448134F710F807E95F17F /* GRVBanModel.m */; };
		12D44C78507F77684FA52CE6 /* SPLMMessageHelper.m in Sources */ = {isa = PBXBuildFile; fileRef = 12D4410F978525E50ABC3E55 /* SPLMMessageHelper.m */; };
		12D44CC9F0723DDDD31594D0 /* event_message_bubble@2x.png in Resources */ = {isa = PBXBuildFile; fileRef = 12D44E285702EF7165274FF9 /* event_message_bubble@2x.png */; };
		12D44DA0AED3B209468AA6E5 /* bubble_hooked_incoming@3x.png in Resources */ = {isa = PBXBuildFile; fileRef = 12D44ED9DBF8D578EDE57762 /* bubble_hooked_incoming@3x.png */; };
		12D44DA62A70CCB989079BAF /* event_message_bubble@3x.png in Resources */ = {isa = PBXBuildFile; fileRef = 12D44EA8E28773CAEDF6537A /* event_message_bubble@3x.png */; };
		12D44E05D31D22A75EA1EAF6 /* GRVNotificationMessageModel.m in Sources */ = {isa = PBXBuildFile; fileRef = 12D4426F7C7D24AD9DC8DEE4 /* GRVNotificationMessageModel.m */; };
		12D44E72A77C74418BCA9265 /* SPLMMessage.m in Sources */ = {isa = PBXBuildFile; fileRef = 12D44E4A2E25FBC15F3D2B5A /* SPLMMessage.m */; };
		12D44FE610248564FE64A9E6 /* event_message_bubble.png in Resources */ = {isa = PBXBuildFile; fileRef = 12D44F7BE01D9A44DAAF9B9E /* event_message_bubble.png */; };
		5090FBFF1C09AFDC0040E895 /* main.m in Sources */ = {isa = PBXBuildFile; fileRef = 5090FBFE1C09AFDC0040E895 /* main.m */; };
		5090FC021C09AFDC0040E895 /* AppDelegate.m in Sources */ = {isa = PBXBuildFile; fileRef = 5090FC011C09AFDC0040E895 /* AppDelegate.m */; };
		5090FC081C09AFDC0040E895 /* Main.storyboard in Resources */ = {isa = PBXBuildFile; fileRef = 5090FC061C09AFDC0040E895 /* Main.storyboard */; };
		5090FC0D1C09AFDC0040E895 /* LaunchScreen.storyboard in Resources */ = {isa = PBXBuildFile; fileRef = 5090FC0B1C09AFDC0040E895 /* LaunchScreen.storyboard */; };
		8731E2C6350DFA9E9EFAD06E /* libPods.a in Frameworks */ = {isa = PBXBuildFile; fileRef = 6B0232B29BAB26505C572B30 /* libPods.a */; };
/* End PBXBuildFile section */

/* Begin PBXFileReference section */
		013C5BD7DA72C5421AB6354D /* Pods.debug.xcconfig */ = {isa = PBXFileReference; includeInIndex = 1; lastKnownFileType = text.xcconfig; name = Pods.debug.xcconfig; path = "Pods/Target Support Files/Pods/Pods.debug.xcconfig"; sourceTree = "<group>"; };
		12D44086DEFD347CD8222525 /* MessagesProvider.h */ = {isa = PBXFileReference; fileEncoding = 4; lastKnownFileType = sourcecode.c.h; path = MessagesProvider.h; sourceTree = "<group>"; };
		12D440C74587FF3F5C093936 /* activities_unlock@2x.png */ = {isa = PBXFileReference; lastKnownFileType = image.png; path = "activities_unlock@2x.png"; sourceTree = "<group>"; };
		12D440F2216E30179B24B615 /* SPLMDateTimeFormatterHelper.h */ = {isa = PBXFileReference; fileEncoding = 4; lastKnownFileType = sourcecode.c.h; path = SPLMDateTimeFormatterHelper.h; sourceTree = "<group>"; };
		12D4410F978525E50ABC3E55 /* SPLMMessageHelper.m */ = {isa = PBXFileReference; fileEncoding = 4; lastKnownFileType = sourcecode.c.objc; path = SPLMMessageHelper.m; sourceTree = "<group>"; };
		12D44245E43C04C004E4D0B0 /* EventMessageCell.m */ = {isa = PBXFileReference; fileEncoding = 4; lastKnownFileType = sourcecode.c.objc; path = EventMessageCell.m; sourceTree = "<group>"; };
		12D4426F7C7D24AD9DC8DEE4 /* GRVNotificationMessageModel.m */ = {isa = PBXFileReference; fileEncoding = 4; lastKnownFileType = sourcecode.c.objc; path = GRVNotificationMessageModel.m; sourceTree = "<group>"; };
		12D4429C8EE1454D8730F38E /* activities_unban@2x.png */ = {isa = PBXFileReference; lastKnownFileType = image.png; path = "activities_unban@2x.png"; sourceTree = "<group>"; };
		12D442A96E85D07E5AC75440 /* activities_reply@2x.png */ = {isa = PBXFileReference; lastKnownFileType = image.png; path = "activities_reply@2x.png"; sourceTree = "<group>"; };
		12D442B715EA651D2F8CC255 /* EventMessageCell.h */ = {isa = PBXFileReference; fileEncoding = 4; lastKnownFileType = sourcecode.c.h; path = EventMessageCell.h; sourceTree = "<group>"; };
		12D442F0261DFCD96AB1AEA4 /* bubble_hooked_incoming@2x.png */ = {isa = PBXFileReference; lastKnownFileType = image.png; path = "bubble_hooked_incoming@2x.png"; sourceTree = "<group>"; };
		12D443955071724C98985F73 /* ViewController.h */ = {isa = PBXFileReference; fileEncoding = 4; lastKnownFileType = sourcecode.c.h; path = ViewController.h; sourceTree = "<group>"; };
		12D443CF1DFA02B071CB1C42 /* SPLMDateTimeFormatterHelper.m */ = {isa = PBXFileReference; fileEncoding = 4; lastKnownFileType = sourcecode.c.objc; path = SPLMDateTimeFormatterHelper.m; sourceTree = "<group>"; };
		12D4443F445FC0E865AFAF0A /* MessageItemsConverter.m */ = {isa = PBXFileReference; fileEncoding = 4; lastKnownFileType = sourcecode.c.objc; path = MessageItemsConverter.m; sourceTree = "<group>"; };
		12D4444AE16F1B90773CBF5E /* KOChatEntryElement.h */ = {isa = PBXFileReference; fileEncoding = 4; lastKnownFileType = sourcecode.c.h; path = KOChatEntryElement.h; sourceTree = "<group>"; };
		12D444F4D5C13F00748C7D9B /* BaseMessageCell.h */ = {isa = PBXFileReference; fileEncoding = 4; lastKnownFileType = sourcecode.c.h; path = BaseMessageCell.h; sourceTree = "<group>"; };
		12D4457AE386571785DDE5D1 /* NSDate-Utilities.h */ = {isa = PBXFileReference; fileEncoding = 4; lastKnownFileType = sourcecode.c.h; path = "NSDate-Utilities.h"; sourceTree = "<group>"; };
		12D4463CE63EFB625234BE76 /* GRVBanModel.h */ = {isa = PBXFileReference; fileEncoding = 4; lastKnownFileType = sourcecode.c.h; path = GRVBanModel.h; sourceTree = "<group>"; };
		12D44744B054972386AF0BEB /* ContentMessageCell.m */ = {isa = PBXFileReference; fileEncoding = 4; lastKnownFileType = sourcecode.c.objc; path = ContentMessageCell.m; sourceTree = "<group>"; };
		12D4475AEEA3A81843D97BCB /* ContentMessageItem.m */ = {isa = PBXFileReference; fileEncoding = 4; lastKnownFileType = sourcecode.c.objc; path = ContentMessageItem.m; sourceTree = "<group>"; };
		12D447A3EEB6CF89AC7BB910 /* BaseMessageItem.m */ = {isa = PBXFileReference; fileEncoding = 4; lastKnownFileType = sourcecode.c.objc; path = BaseMessageItem.m; sourceTree = "<group>"; };
		12D447C766322B136235134E /* ViewController.m */ = {isa = PBXFileReference; fileEncoding = 4; lastKnownFileType = sourcecode.c.objc; path = ViewController.m; sourceTree = "<group>"; };
		12D448134F710F807E95F17F /* GRVBanModel.m */ = {isa = PBXFileReference; fileEncoding = 4; lastKnownFileType = sourcecode.c.objc; path = GRVBanModel.m; sourceTree = "<group>"; };
		12D448440C72CC5F0AB398CA /* ContentMessageItem.h */ = {isa = PBXFileReference; fileEncoding = 4; lastKnownFileType = sourcecode.c.h; path = ContentMessageItem.h; sourceTree = "<group>"; };
		12D4487A2C3D3FA81FDE3FB6 /* KOChatEntryDelegate.h */ = {isa = PBXFileReference; fileEncoding = 4; lastKnownFileType = sourcecode.c.h; path = KOChatEntryDelegate.h; sourceTree = "<group>"; };
		12D448D9ACD0CD967BC672EE /* SPLMMessageHelper.h */ = {isa = PBXFileReference; fileEncoding = 4; lastKnownFileType = sourcecode.c.h; path = SPLMMessageHelper.h; sourceTree = "<group>"; };
		12D449CEF174B3E309A978E4 /* KOChatEntryElement.m */ = {isa = PBXFileReference; fileEncoding = 4; lastKnownFileType = sourcecode.c.objc; path = KOChatEntryElement.m; sourceTree = "<group>"; };
		12D449D58CA808D0968A4C49 /* NSString+Grouvi.h */ = {isa = PBXFileReference; fileEncoding = 4; lastKnownFileType = sourcecode.c.h; path = "NSString+Grouvi.h"; sourceTree = "<group>"; };
		12D44A22872532F7EB1F4EFC /* BaseMessageCell.m */ = {isa = PBXFileReference; fileEncoding = 4; lastKnownFileType = sourcecode.c.objc; path = BaseMessageCell.m; sourceTree = "<group>"; };
		12D44A239DA3EBFAEE0C8E0E /* NSDate-Utilities.m */ = {isa = PBXFileReference; fileEncoding = 4; lastKnownFileType = sourcecode.c.objc; path = "NSDate-Utilities.m"; sourceTree = "<group>"; };
		12D44A59362A5A387C7EBEFE /* EventMessageItem.h */ = {isa = PBXFileReference; fileEncoding = 4; lastKnownFileType = sourcecode.c.h; path = EventMessageItem.h; sourceTree = "<group>"; };
		12D44A8708A51A14EB4C4A37 /* GRVUserModel.m */ = {isa = PBXFileReference; fileEncoding = 4; lastKnownFileType = sourcecode.c.objc; path = GRVUserModel.m; sourceTree = "<group>"; };
		12D44B5B6B2B318D2CD3831B /* ContentMessageCell.h */ = {isa = PBXFileReference; fileEncoding = 4; lastKnownFileType = sourcecode.c.h; path = ContentMessageCell.h; sourceTree = "<group>"; };
		12D44BC4956D983D704069A2 /* GRVUserModel.h */ = {isa = PBXFileReference; fileEncoding = 4; lastKnownFileType = sourcecode.c.h; path = GRVUserModel.h; sourceTree = "<group>"; };
		12D44C06E9DF177EBFCEF9C3 /* GRVObjectBuildManager.h */ = {isa = PBXFileReference; fileEncoding = 4; lastKnownFileType = sourcecode.c.h; path = GRVObjectBuildManager.h; sourceTree = "<group>"; };
		12D44C31241CAAEE5C1E4354 /* NSString+Grouvi.m */ = {isa = PBXFileReference; fileEncoding = 4; lastKnownFileType = sourcecode.c.objc; path = "NSString+Grouvi.m"; sourceTree = "<group>"; };
		12D44C7F71719E456CBAA983 /* GRVEventMessageModel.h */ = {isa = PBXFileReference; fileEncoding = 4; lastKnownFileType = sourcecode.c.h; path = GRVEventMessageModel.h; sourceTree = "<group>"; };
		12D44D328293A86EFE18977A /* GRVNotificationMessageModel.h */ = {isa = PBXFileReference; fileEncoding = 4; lastKnownFileType = sourcecode.c.h; path = GRVNotificationMessageModel.h; sourceTree = "<group>"; };
		12D44D42AFEF9F88F4B324C2 /* GRVObjectBuildManager.m */ = {isa = PBXFileReference; fileEncoding = 4; lastKnownFileType = sourcecode.c.objc; path = GRVObjectBuildManager.m; sourceTree = "<group>"; };
		12D44D599DCE3A041C85BE41 /* MessageItemsConverter.h */ = {isa = PBXFileReference; fileEncoding = 4; lastKnownFileType = sourcecode.c.h; path = MessageItemsConverter.h; sourceTree = "<group>"; };
		12D44D61AF7B4B5B52499A77 /* SPLMMessage.h */ = {isa = PBXFileReference; fileEncoding = 4; lastKnownFileType = sourcecode.c.h; path = SPLMMessage.h; sourceTree = "<group>"; };
		12D44DACAB69E56ED8E4F42C /* ReplyViewInCell.h */ = {isa = PBXFileReference; fileEncoding = 4; lastKnownFileType = sourcecode.c.h; path = ReplyViewInCell.h; sourceTree = "<group>"; };
		12D44DFE8186A6179BB00822 /* EventMessageItem.m */ = {isa = PBXFileReference; fileEncoding = 4; lastKnownFileType = sourcecode.c.objc; path = EventMessageItem.m; sourceTree = "<group>"; };
		12D44E2808A2C887B4027C65 /* MessagesProvider.m */ = {isa = PBXFileReference; fileEncoding = 4; lastKnownFileType = sourcecode.c.objc; path = MessagesProvider.m; sourceTree = "<group>"; };
		12D44E285702EF7165274FF9 /* event_message_bubble@2x.png */ = {isa = PBXFileReference; lastKnownFileType = image.png; path = "event_message_bubble@2x.png"; sourceTree = "<group>"; };
		12D44E4A2E25FBC15F3D2B5A /* SPLMMessage.m */ = {isa = PBXFileReference; fileEncoding = 4; lastKnownFileType = sourcecode.c.objc; path = SPLMMessage.m; sourceTree = "<group>"; };
		12D44E581870AE5B8A1AC571 /* GRVEventMessageModel.m */ = {isa = PBXFileReference; fileEncoding = 4; lastKnownFileType = sourcecode.c.objc; path = GRVEventMessageModel.m; sourceTree = "<group>"; };
		12D44E95DA9A014BE42EDBB8 /* Info.plist */ = {isa = PBXFileReference; fileEncoding = 4; lastKnownFileType = text.plist.info; path = Info.plist; sourceTree = "<group>"; };
		12D44EA8E28773CAEDF6537A /* event_message_bubble@3x.png */ = {isa = PBXFileReference; lastKnownFileType = image.png; path = "event_message_bubble@3x.png"; sourceTree = "<group>"; };
		12D44EBC85FC15DBC34C87A1 /* Assets.xcassets */ = {isa = PBXFileReference; lastKnownFileType = folder.assetcatalog; path = Assets.xcassets; sourceTree = "<group>"; };
		12D44ED9DBF8D578EDE57762 /* bubble_hooked_incoming@3x.png */ = {isa = PBXFileReference; lastKnownFileType = image.png; path = "bubble_hooked_incoming@3x.png"; sourceTree = "<group>"; };
		12D44F1D3F6DBAD19E6EACD2 /* BaseMessageItem.h */ = {isa = PBXFileReference; fileEncoding = 4; lastKnownFileType = sourcecode.c.h; path = BaseMessageItem.h; sourceTree = "<group>"; };
		12D44F7BE01D9A44DAAF9B9E /* event_message_bubble.png */ = {isa = PBXFileReference; lastKnownFileType = image.png; path = event_message_bubble.png; sourceTree = "<group>"; };
		12D44FB7EFC9EABA2978D315 /* ReplyViewInCell.m */ = {isa = PBXFileReference; fileEncoding = 4; lastKnownFileType = sourcecode.c.objc; path = ReplyViewInCell.m; sourceTree = "<group>"; };
		5090FBFA1C09AFDC0040E895 /* ios8_UITV_Ex.app */ = {isa = PBXFileReference; explicitFileType = wrapper.application; includeInIndex = 0; path = ios8_UITV_Ex.app; sourceTree = BUILT_PRODUCTS_DIR; };
		5090FBFE1C09AFDC0040E895 /* main.m */ = {isa = PBXFileReference; lastKnownFileType = sourcecode.c.objc; path = main.m; sourceTree = "<group>"; };
		5090FC001C09AFDC0040E895 /* AppDelegate.h */ = {isa = PBXFileReference; lastKnownFileType = sourcecode.c.h; path = AppDelegate.h; sourceTree = "<group>"; };
		5090FC011C09AFDC0040E895 /* AppDelegate.m */ = {isa = PBXFileReference; lastKnownFileType = sourcecode.c.objc; path = AppDelegate.m; sourceTree = "<group>"; };
		5090FC071C09AFDC0040E895 /* Base */ = {isa = PBXFileReference; lastKnownFileType = file.storyboard; name = Base; path = Base.lproj/Main.storyboard; sourceTree = "<group>"; };
		5090FC0C1C09AFDC0040E895 /* Base */ = {isa = PBXFileReference; lastKnownFileType = file.storyboard; name = Base; path = Base.lproj/LaunchScreen.storyboard; sourceTree = "<group>"; };
		6B0232B29BAB26505C572B30 /* libPods.a */ = {isa = PBXFileReference; explicitFileType = archive.ar; includeInIndex = 0; path = libPods.a; sourceTree = BUILT_PRODUCTS_DIR; };
		D56FDDFDF2EAE73B56834766 /* Pods.release.xcconfig */ = {isa = PBXFileReference; includeInIndex = 1; lastKnownFileType = text.xcconfig; name = Pods.release.xcconfig; path = "Pods/Target Support Files/Pods/Pods.release.xcconfig"; sourceTree = "<group>"; };
/* End PBXFileReference section */

/* Begin PBXFrameworksBuildPhase section */
		5090FBF71C09AFDC0040E895 /* Frameworks */ = {
			isa = PBXFrameworksBuildPhase;
			buildActionMask = 2147483647;
			files = (
				8731E2C6350DFA9E9EFAD06E /* libPods.a in Frameworks */,
			);
			runOnlyForDeploymentPostprocessing = 0;
		};
/* End PBXFrameworksBuildPhase section */

/* Begin PBXGroup section */
		12D4416ECC289F60EDFAF909 /* Foreign Classes */ = {
			isa = PBXGroup;
			children = (
				12D4463CE63EFB625234BE76 /* GRVBanModel.h */,
				12D443CF1DFA02B071CB1C42 /* SPLMDateTimeFormatterHelper.m */,
				12D4487A2C3D3FA81FDE3FB6 /* KOChatEntryDelegate.h */,
				12D44C7F71719E456CBAA983 /* GRVEventMessageModel.h */,
				12D44A8708A51A14EB4C4A37 /* GRVUserModel.m */,
				12D44E581870AE5B8A1AC571 /* GRVEventMessageModel.m */,
				12D448134F710F807E95F17F /* GRVBanModel.m */,
				12D44D61AF7B4B5B52499A77 /* SPLMMessage.h */,
				12D44E4A2E25FBC15F3D2B5A /* SPLMMessage.m */,
				12D44BC4956D983D704069A2 /* GRVUserModel.h */,
				12D440F2216E30179B24B615 /* SPLMDateTimeFormatterHelper.h */,
				12D449CEF174B3E309A978E4 /* KOChatEntryElement.m */,
				12D4444AE16F1B90773CBF5E /* KOChatEntryElement.h */,
				12D4410F978525E50ABC3E55 /* SPLMMessageHelper.m */,
				12D448D9ACD0CD967BC672EE /* SPLMMessageHelper.h */,
				12D44C31241CAAEE5C1E4354 /* NSString+Grouvi.m */,
				12D449D58CA808D0968A4C49 /* NSString+Grouvi.h */,
				12D4457AE386571785DDE5D1 /* NSDate-Utilities.h */,
				12D44A239DA3EBFAEE0C8E0E /* NSDate-Utilities.m */,
				12D44D328293A86EFE18977A /* GRVNotificationMessageModel.h */,
				12D4426F7C7D24AD9DC8DEE4 /* GRVNotificationMessageModel.m */,
				12D44C06E9DF177EBFCEF9C3 /* GRVObjectBuildManager.h */,
				12D44D42AFEF9F88F4B324C2 /* GRVObjectBuildManager.m */,
			);
			path = "Foreign Classes";
			sourceTree = "<group>";
		};
		12D446E76B3D801399C7CA15 /* Controllers */ = {
			isa = PBXGroup;
			children = (
				12D447C766322B136235134E /* ViewController.m */,
				12D443955071724C98985F73 /* ViewController.h */,
			);
			path = Controllers;
			sourceTree = "<group>";
		};
		12D4489C6BF884FEB644B381 /* Views */ = {
			isa = PBXGroup;
			children = (
				12D44FB7EFC9EABA2978D315 /* ReplyViewInCell.m */,
				12D44DACAB69E56ED8E4F42C /* ReplyViewInCell.h */,
			);
			path = Views;
			sourceTree = "<group>";
		};
		12D449577CC96E6309E9E025 /* Data Providers */ = {
			isa = PBXGroup;
			children = (
				12D44E2808A2C887B4027C65 /* MessagesProvider.m */,
				12D44086DEFD347CD8222525 /* MessagesProvider.h */,
				12D4416ECC289F60EDFAF909 /* Foreign Classes */,
				12D4443F445FC0E865AFAF0A /* MessageItemsConverter.m */,
				12D44D599DCE3A041C85BE41 /* MessageItemsConverter.h */,
			);
			path = "Data Providers";
			sourceTree = "<group>";
		};
		12D44C9781E5133D0E5C2B75 /* Resources */ = {
			isa = PBXGroup;
			children = (
				12D442A96E85D07E5AC75440 /* activities_reply@2x.png */,
				12D4429C8EE1454D8730F38E /* activities_unban@2x.png */,
				12D440C74587FF3F5C093936 /* activities_unlock@2x.png */,
				12D44EBC85FC15DBC34C87A1 /* Assets.xcassets */,
				12D44E285702EF7165274FF9 /* event_message_bubble@2x.png */,
				12D44EA8E28773CAEDF6537A /* event_message_bubble@3x.png */,
				12D44F7BE01D9A44DAAF9B9E /* event_message_bubble.png */,
				12D44ED9DBF8D578EDE57762 /* bubble_hooked_incoming@3x.png */,
				12D442F0261DFCD96AB1AEA4 /* bubble_hooked_incoming@2x.png */,
			);
			path = Resources;
			sourceTree = "<group>";
		};
		12D44DF163C234199E8D5125 /* Cells */ = {
			isa = PBXGroup;
			children = (
				12D44B5B6B2B318D2CD3831B /* ContentMessageCell.h */,
				12D44744B054972386AF0BEB /* ContentMessageCell.m */,
				12D4475AEEA3A81843D97BCB /* ContentMessageItem.m */,
				12D448440C72CC5F0AB398CA /* ContentMessageItem.h */,
				12D44A22872532F7EB1F4EFC /* BaseMessageCell.m */,
				12D444F4D5C13F00748C7D9B /* BaseMessageCell.h */,
				12D44DFE8186A6179BB00822 /* EventMessageItem.m */,
				12D44A59362A5A387C7EBEFE /* EventMessageItem.h */,
				12D44245E43C04C004E4D0B0 /* EventMessageCell.m */,
				12D442B715EA651D2F8CC255 /* EventMessageCell.h */,
				12D447A3EEB6CF89AC7BB910 /* BaseMessageItem.m */,
				12D44F1D3F6DBAD19E6EACD2 /* BaseMessageItem.h */,
				12D4489C6BF884FEB644B381 /* Views */,
			);
			path = Cells;
			sourceTree = "<group>";
		};
		5090FBF11C09AFDC0040E895 = {
			isa = PBXGroup;
			children = (
				5090FBFC1C09AFDC0040E895 /* ios8TableViewEx */,
				5090FBFB1C09AFDC0040E895 /* Products */,
				FACF99C2E50C760C1C62EDD8 /* Pods */,
				75698D0FFF709B9AD5255AC8 /* Frameworks */,
			);
			sourceTree = "<group>";
		};
		5090FBFB1C09AFDC0040E895 /* Products */ = {
			isa = PBXGroup;
			children = (
				5090FBFA1C09AFDC0040E895 /* ios8_UITV_Ex.app */,
			);
			name = Products;
			sourceTree = "<group>";
		};
		5090FBFC1C09AFDC0040E895 /* ios8TableViewEx */ = {
			isa = PBXGroup;
			children = (
				5090FC001C09AFDC0040E895 /* AppDelegate.h */,
				5090FC011C09AFDC0040E895 /* AppDelegate.m */,
				5090FC061C09AFDC0040E895 /* Main.storyboard */,
				5090FC0B1C09AFDC0040E895 /* LaunchScreen.storyboard */,
				5090FBFD1C09AFDC0040E895 /* Supporting Files */,
				12D44C9781E5133D0E5C2B75 /* Resources */,
				12D44DF163C234199E8D5125 /* Cells */,
				12D446E76B3D801399C7CA15 /* Controllers */,
				12D449577CC96E6309E9E025 /* Data Providers */,
			);
			path = ios8TableViewEx;
			sourceTree = "<group>";
		};
		5090FBFD1C09AFDC0040E895 /* Supporting Files */ = {
			isa = PBXGroup;
			children = (
				5090FBFE1C09AFDC0040E895 /* main.m */,
				12D44E95DA9A014BE42EDBB8 /* Info.plist */,
			);
			name = "Supporting Files";
			sourceTree = "<group>";
		};
		75698D0FFF709B9AD5255AC8 /* Frameworks */ = {
			isa = PBXGroup;
			children = (
				6B0232B29BAB26505C572B30 /* libPods.a */,
			);
			name = Frameworks;
			sourceTree = "<group>";
		};
		FACF99C2E50C760C1C62EDD8 /* Pods */ = {
			isa = PBXGroup;
			children = (
				013C5BD7DA72C5421AB6354D /* Pods.debug.xcconfig */,
				D56FDDFDF2EAE73B56834766 /* Pods.release.xcconfig */,
			);
			name = Pods;
			sourceTree = "<group>";
		};
/* End PBXGroup section */

/* Begin PBXNativeTarget section */
		5090FBF91C09AFDC0040E895 /* ios8TableViewEx */ = {
			isa = PBXNativeTarget;
			buildConfigurationList = 5090FC111C09AFDC0040E895 /* Build configuration list for PBXNativeTarget "ios8TableViewEx" */;
			buildPhases = (
				0A8E70E81158D66A37E8F2F6 /* Check Pods Manifest.lock */,
				5090FBF61C09AFDC0040E895 /* Sources */,
				5090FBF71C09AFDC0040E895 /* Frameworks */,
				5090FBF81C09AFDC0040E895 /* Resources */,
				FB13EF822FB59D19BA54DC6C /* Embed Pods Frameworks */,
				AB47781F797E6F3A98DFA327 /* Copy Pods Resources */,
			);
			buildRules = (
			);
			dependencies = (
			);
			name = ios8TableViewEx;
			productName = test;
			productReference = 5090FBFA1C09AFDC0040E895 /* ios8_UITV_Ex.app */;
			productType = "com.apple.product-type.application";
		};
/* End PBXNativeTarget section */

/* Begin PBXProject section */
		5090FBF21C09AFDC0040E895 /* Project object */ = {
			isa = PBXProject;
			attributes = {
				LastUpgradeCheck = 0710;
				ORGANIZATIONNAME = test;
				TargetAttributes = {
					5090FBF91C09AFDC0040E895 = {
						CreatedOnToolsVersion = 7.1;
					};
				};
			};
			buildConfigurationList = 5090FBF51C09AFDC0040E895 /* Build configuration list for PBXProject "ios8TableViewEx" */;
			compatibilityVersion = "Xcode 3.2";
			developmentRegion = English;
			hasScannedForEncodings = 0;
			knownRegions = (
				en,
				Base,
			);
			mainGroup = 5090FBF11C09AFDC0040E895;
			productRefGroup = 5090FBFB1C09AFDC0040E895 /* Products */;
			projectDirPath = "";
			projectRoot = "";
			targets = (
				5090FBF91C09AFDC0040E895 /* ios8TableViewEx */,
			);
		};
/* End PBXProject section */

/* Begin PBXResourcesBuildPhase section */
		5090FBF81C09AFDC0040E895 /* Resources */ = {
			isa = PBXResourcesBuildPhase;
			buildActionMask = 2147483647;
			files = (
				5090FC0D1C09AFDC0040E895 /* LaunchScreen.storyboard in Resources */,
				5090FC081C09AFDC0040E895 /* Main.storyboard in Resources */,
				12D445F06BE463B6391E9A0C /* activities_reply@2x.png in Resources */,
				12D44AC60C21D2158B8C0CD2 /* activities_unban@2x.png in Resources */,
				12D440AEB7A9587A8D4B4E97 /* activities_unlock@2x.png in Resources */,
				12D441E610E1B83E5A1E3F5A /* Assets.xcassets in Resources */,
				12D44CC9F0723DDDD31594D0 /* event_message_bubble@2x.png in Resources */,
				12D44DA62A70CCB989079BAF /* event_message_bubble@3x.png in Resources */,
				12D44FE610248564FE64A9E6 /* event_message_bubble.png in Resources */,
				12D44DA0AED3B209468AA6E5 /* bubble_hooked_incoming@3x.png in Resources */,
				12D448721F7CA6AC01A54430 /* bubble_hooked_incoming@2x.png in Resources */,
			);
			runOnlyForDeploymentPostprocessing = 0;
		};
/* End PBXResourcesBuildPhase section */

/* Begin PBXShellScriptBuildPhase section */
		0A8E70E81158D66A37E8F2F6 /* Check Pods Manifest.lock */ = {
			isa = PBXShellScriptBuildPhase;
			buildActionMask = 2147483647;
			files = (
			);
			inputPaths = (
			);
			name = "Check Pods Manifest.lock";
			outputPaths = (
			);
			runOnlyForDeploymentPostprocessing = 0;
			shellPath = /bin/sh;
			shellScript = "diff \"${PODS_ROOT}/../Podfile.lock\" \"${PODS_ROOT}/Manifest.lock\" > /dev/null\nif [[ $? != 0 ]] ; then\n    cat << EOM\nerror: The sandbox is not in sync with the Podfile.lock. Run 'pod install' or update your CocoaPods installation.\nEOM\n    exit 1\nfi\n";
			showEnvVarsInLog = 0;
		};
		AB47781F797E6F3A98DFA327 /* Copy Pods Resources */ = {
			isa = PBXShellScriptBuildPhase;
			buildActionMask = 2147483647;
			files = (
			);
			inputPaths = (
			);
			name = "Copy Pods Resources";
			outputPaths = (
			);
			runOnlyForDeploymentPostprocessing = 0;
			shellPath = /bin/sh;
			shellScript = "\"${SRCROOT}/Pods/Target Support Files/Pods/Pods-resources.sh\"\n";
			showEnvVarsInLog = 0;
		};
		FB13EF822FB59D19BA54DC6C /* Embed Pods Frameworks */ = {
			isa = PBXShellScriptBuildPhase;
			buildActionMask = 2147483647;
			files = (
			);
			inputPaths = (
			);
			name = "Embed Pods Frameworks";
			outputPaths = (
			);
			runOnlyForDeploymentPostprocessing = 0;
			shellPath = /bin/sh;
			shellScript = "\"${SRCROOT}/Pods/Target Support Files/Pods/Pods-frameworks.sh\"\n";
			showEnvVarsInLog = 0;
		};
/* End PBXShellScriptBuildPhase section */

/* Begin PBXSourcesBuildPhase section */
		5090FBF61C09AFDC0040E895 /* Sources */ = {
			isa = PBXSourcesBuildPhase;
			buildActionMask = 2147483647;
			files = (
				5090FC021C09AFDC0040E895 /* AppDelegate.m in Sources */,
				5090FBFF1C09AFDC0040E895 /* main.m in Sources */,
				12D4446D0F1A87A71327BD77 /* ContentMessageCell.m in Sources */,
				12D4497783D32AD11BBFF4D1 /* ContentMessageItem.m in Sources */,
				12D44A51DC3FF08FB423B1EE /* ViewController.m in Sources */,
				12D4430CE4F81C94DA53178F /* BaseMessageCell.m in Sources */,
				12D44AC6E3B3631D4601ED7F /* MessagesProvider.m in Sources */,
				12D446B05DB9499131C0F816 /* SPLMDateTimeFormatterHelper.m in Sources */,
				12D446FB9721EB2DEF205914 /* GRVUserModel.m in Sources */,
				12D44C23C568E02303624CA0 /* GRVEventMessageModel.m in Sources */,
				12D44C4A589B1E6E02CF74FB /* GRVBanModel.m in Sources */,
				12D44E72A77C74418BCA9265 /* SPLMMessage.m in Sources */,
				12D44B39D0C0954824073A61 /* KOChatEntryElement.m in Sources */,
				12D44C78507F77684FA52CE6 /* SPLMMessageHelper.m in Sources */,
				12D44C2011BEAE53479EB609 /* NSString+Grouvi.m in Sources */,
				12D44C09CD34823FA2883384 /* NSDate-Utilities.m in Sources */,
				12D44E05D31D22A75EA1EAF6 /* GRVNotificationMessageModel.m in Sources */,
				12D44A9FBEA3BE09D7FDFC98 /* GRVObjectBuildManager.m in Sources */,
				12D44135ABA14A6FD2A2A1A5 /* MessageItemsConverter.m in Sources */,
				12D446D4EF80A789A6092D56 /* EventMessageItem.m in Sources */,
				12D44554A0288E5E6043E81C /* EventMessageCell.m in Sources */,
				12D44C092327C411F9BB0777 /* BaseMessageItem.m in Sources */,
				12D440CFC81404C11543DA5C /* ReplyViewInCell.m in Sources */,
			);
			runOnlyForDeploymentPostprocessing = 0;
		};
/* End PBXSourcesBuildPhase section */

/* Begin PBXVariantGroup section */
		5090FC061C09AFDC0040E895 /* Main.storyboard */ = {
			isa = PBXVariantGroup;
			children = (
				5090FC071C09AFDC0040E895 /* Base */,
			);
			name = Main.storyboard;
			sourceTree = "<group>";
		};
		5090FC0B1C09AFDC0040E895 /* LaunchScreen.storyboard */ = {
			isa = PBXVariantGroup;
			children = (
				5090FC0C1C09AFDC0040E895 /* Base */,
			);
			name = LaunchScreen.storyboard;
			sourceTree = "<group>";
		};
/* End PBXVariantGroup section */

/* Begin XCBuildConfiguration section */
		5090FC0F1C09AFDC0040E895 /* Debug */ = {
			isa = XCBuildConfiguration;
			buildSettings = {
				ALWAYS_SEARCH_USER_PATHS = NO;
				CLANG_CXX_LANGUAGE_STANDARD = "gnu++0x";
				CLANG_CXX_LIBRARY = "libc++";
				CLANG_ENABLE_MODULES = YES;
				CLANG_ENABLE_OBJC_ARC = YES;
				CLANG_WARN_BOOL_CONVERSION = YES;
				CLANG_WARN_CONSTANT_CONVERSION = YES;
				CLANG_WARN_DIRECT_OBJC_ISA_USAGE = YES_ERROR;
				CLANG_WARN_EMPTY_BODY = YES;
				CLANG_WARN_ENUM_CONVERSION = YES;
				CLANG_WARN_INT_CONVERSION = YES;
				CLANG_WARN_OBJC_ROOT_CLASS = YES_ERROR;
				CLANG_WARN_UNREACHABLE_CODE = YES;
				CLANG_WARN__DUPLICATE_METHOD_MATCH = YES;
				"CODE_SIGN_IDENTITY[sdk=iphoneos*]" = "iPhone Developer";
				COPY_PHASE_STRIP = NO;
				DEBUG_INFORMATION_FORMAT = dwarf;
				ENABLE_STRICT_OBJC_MSGSEND = YES;
				ENABLE_TESTABILITY = YES;
				GCC_C_LANGUAGE_STANDARD = gnu99;
				GCC_DYNAMIC_NO_PIC = NO;
				GCC_NO_COMMON_BLOCKS = YES;
				GCC_OPTIMIZATION_LEVEL = 0;
				GCC_PREPROCESSOR_DEFINITIONS = (
					"DEBUG=1",
					"$(inherited)",
				);
				GCC_WARN_64_TO_32_BIT_CONVERSION = YES;
				GCC_WARN_ABOUT_RETURN_TYPE = YES_ERROR;
				GCC_WARN_UNDECLARED_SELECTOR = YES;
				GCC_WARN_UNINITIALIZED_AUTOS = YES_AGGRESSIVE;
				GCC_WARN_UNUSED_FUNCTION = YES;
				GCC_WARN_UNUSED_VARIABLE = YES;
				IPHONEOS_DEPLOYMENT_TARGET = 8.0;
				MTL_ENABLE_DEBUG_INFO = YES;
				ONLY_ACTIVE_ARCH = YES;
				SDKROOT = iphoneos;
			};
			name = Debug;
		};
		5090FC101C09AFDC0040E895 /* Release */ = {
			isa = XCBuildConfiguration;
			buildSettings = {
				ALWAYS_SEARCH_USER_PATHS = NO;
				CLANG_CXX_LANGUAGE_STANDARD = "gnu++0x";
				CLANG_CXX_LIBRARY = "libc++";
				CLANG_ENABLE_MODULES = YES;
				CLANG_ENABLE_OBJC_ARC = YES;
				CLANG_WARN_BOOL_CONVERSION = YES;
				CLANG_WARN_CONSTANT_CONVERSION = YES;
				CLANG_WARN_DIRECT_OBJC_ISA_USAGE = YES_ERROR;
				CLANG_WARN_EMPTY_BODY = YES;
				CLANG_WARN_ENUM_CONVERSION = YES;
				CLANG_WARN_INT_CONVERSION = YES;
				CLANG_WARN_OBJC_ROOT_CLASS = YES_ERROR;
				CLANG_WARN_UNREACHABLE_CODE = YES;
				CLANG_WARN__DUPLICATE_METHOD_MATCH = YES;
				"CODE_SIGN_IDENTITY[sdk=iphoneos*]" = "iPhone Developer";
				COPY_PHASE_STRIP = NO;
				DEBUG_INFORMATION_FORMAT = "dwarf-with-dsym";
				ENABLE_NS_ASSERTIONS = NO;
				ENABLE_STRICT_OBJC_MSGSEND = YES;
				GCC_C_LANGUAGE_STANDARD = gnu99;
				GCC_NO_COMMON_BLOCKS = YES;
				GCC_WARN_64_TO_32_BIT_CONVERSION = YES;
				GCC_WARN_ABOUT_RETURN_TYPE = YES_ERROR;
				GCC_WARN_UNDECLARED_SELECTOR = YES;
				GCC_WARN_UNINITIALIZED_AUTOS = YES_AGGRESSIVE;
				GCC_WARN_UNUSED_FUNCTION = YES;
				GCC_WARN_UNUSED_VARIABLE = YES;
				IPHONEOS_DEPLOYMENT_TARGET = 8.0;
				MTL_ENABLE_DEBUG_INFO = NO;
				SDKROOT = iphoneos;
				VALIDATE_PRODUCT = YES;
			};
			name = Release;
		};
		5090FC121C09AFDC0040E895 /* Debug */ = {
			isa = XCBuildConfiguration;
			baseConfigurationReference = 013C5BD7DA72C5421AB6354D /* Pods.debug.xcconfig */;
			buildSettings = {
				ASSETCATALOG_COMPILER_APPICON_NAME = AppIcon;
				INFOPLIST_FILE = ios8TableViewEx/Info.plist;
				IPHONEOS_DEPLOYMENT_TARGET = 8.0;
				LD_RUNPATH_SEARCH_PATHS = "$(inherited) @executable_path/Frameworks";
				PRODUCT_BUNDLE_IDENTIFIER = "ios8.table-view.ex";
				PRODUCT_NAME = ios8_UITV_Ex;
			};
			name = Debug;
		};
		5090FC131C09AFDC0040E895 /* Release */ = {
			isa = XCBuildConfiguration;
			baseConfigurationReference = D56FDDFDF2EAE73B56834766 /* Pods.release.xcconfig */;
			buildSettings = {
				ASSETCATALOG_COMPILER_APPICON_NAME = AppIcon;
				INFOPLIST_FILE = ios8TableViewEx/Info.plist;
				IPHONEOS_DEPLOYMENT_TARGET = 8.0;
				LD_RUNPATH_SEARCH_PATHS = "$(inherited) @executable_path/Frameworks";
				PRODUCT_BUNDLE_IDENTIFIER = "ios8.table-view.ex";
				PRODUCT_NAME = ios8_UITV_Ex;
			};
			name = Release;
		};
/* End XCBuildConfiguration section */

/* Begin XCConfigurationList section */
		5090FBF51C09AFDC0040E895 /* Build configuration list for PBXProject "ios8TableViewEx" */ = {
			isa = XCConfigurationList;
			buildConfigurations = (
				5090FC0F1C09AFDC0040E895 /* Debug */,
				5090FC101C09AFDC0040E895 /* Release */,
			);
			defaultConfigurationIsVisible = 0;
			defaultConfigurationName = Release;
		};
		5090FC111C09AFDC0040E895 /* Build configuration list for PBXNativeTarget "ios8TableViewEx" */ = {
			isa = XCConfigurationList;
			buildConfigurations = (
				5090FC121C09AFDC0040E895 /* Debug */,
				5090FC131C09AFDC0040E895 /* Release */,
			);
			defaultConfigurationIsVisible = 0;
			defaultConfigurationName = Release;
		};
/* End XCConfigurationList section */
	};
	rootObject = 5090FBF21C09AFDC0040E895 /* Project object */;
}
